
Microsoft Visual Studio Solution File, Format Version 12.00
Project("{FAE04EC0-301F-11D3-BF4B-00C04F79EFBC}") = "TestCrytpoServer", "TestCrytpoServer\TestCrytpoServer.csproj", "{B51AC14C-80AA-441C-87EB-7A515E5AA5FB}"
EndProject
Global
	GlobalSection(SolutionConfigurationPlatforms) = preSolution
		Debug|Any CPU = Debug|Any CPU
		Release|Any CPU = Release|Any CPU
	EndGlobalSection
	GlobalSection(ProjectConfigurationPlatforms) = postSolution
		{B51AC14C-80AA-441C-87EB-7A515E5AA5FB}.Debug|Any CPU.ActiveCfg = Debug|Any CPU
		{B51AC14C-80AA-441C-87EB-7A515E5AA5FB}.Debug|Any CPU.Build.0 = Debug|Any CPU
		{B51AC14C-80AA-441C-87EB-7A515E5AA5FB}.Release|Any CPU.ActiveCfg = Release|Any CPU
		{B51AC14C-80AA-441C-87EB-7A515E5AA5FB}.Release|Any CPU.Build.0 = Release|Any CPU
	EndGlobalSection
EndGlobal
